
Microsoft Visual Studio Solution File, Format Version 12.00
# Visual Studio 15
VisualStudioVersion = 15.0.28307.271
MinimumVisualStudioVersion = 10.0.40219.1
Project("{FAE04EC0-301F-11D3-BF4B-00C04F79EFBC}") = "tipCalculator2", "tipCalculator2\tipCalculator2.csproj", "{19A4795A-D437-4567-A8C1-FB3134ABAE80}"
EndProject
Global
	GlobalSection(SolutionConfigurationPlatforms) = preSolution
		Debug|Any CPU = Debug|Any CPU
		Release|Any CPU = Release|Any CPU
	EndGlobalSection
	GlobalSection(ProjectConfigurationPlatforms) = postSolution
		{19A4795A-D437-4567-A8C1-FB3134ABAE80}.Debug|Any CPU.ActiveCfg = Debug|Any CPU
		{19A4795A-D437-4567-A8C1-FB3134ABAE80}.Debug|Any CPU.Build.0 = Debug|Any CPU
		{19A4795A-D437-4567-A8C1-FB3134ABAE80}.Release|Any CPU.ActiveCfg = Release|Any CPU
		{19A4795A-D437-4567-A8C1-FB3134ABAE80}.Release|Any CPU.Build.0 = Release|Any CPU
	EndGlobalSection
	GlobalSection(SolutionProperties) = preSolution
		HideSolutionNode = FALSE
	EndGlobalSection
	GlobalSection(ExtensibilityGlobals) = postSolution
		SolutionGuid = {91225C17-2392-49E1-B86C-C6797680E285}
	EndGlobalSection
EndGlobal
